// !$*UTF8*$!
{
	archiveVersion = 1;
	classes = {
	};
	objectVersion = 46;
	objects = {

/* Begin PBXBuildFile section */
		D460CF79153D6CC600C0F7C8 /* UIKit.framework in Frameworks */ = {isa = PBXBuildFile; fileRef = D460CF78153D6CC600C0F7C8 /* UIKit.framework */; };
		D460CF7B153D6CC600C0F7C8 /* Foundation.framework in Frameworks */ = {isa = PBXBuildFile; fileRef = D460CF7A153D6CC600C0F7C8 /* Foundation.framework */; };
		D460CF7D153D6CC600C0F7C8 /* CoreGraphics.framework in Frameworks */ = {isa = PBXBuildFile; fileRef = D460CF7C153D6CC600C0F7C8 /* CoreGraphics.framework */; };
		D460CF83153D6CC600C0F7C8 /* InfoPlist.strings in Resources */ = {isa = PBXBuildFile; fileRef = D460CF81153D6CC600C0F7C8 /* InfoPlist.strings */; };
		D460CF85153D6CC600C0F7C8 /* main.m in Sources */ = {isa = PBXBuildFile; fileRef = D460CF84153D6CC600C0F7C8 /* main.m */; };
		D460CF89153D6CC600C0F7C8 /* AppDelegate.m in Sources */ = {isa = PBXBuildFile; fileRef = D460CF88153D6CC600C0F7C8 /* AppDelegate.m */; };
		D460CF8C153D6CC600C0F7C8 /* ViewController.m in Sources */ = {isa = PBXBuildFile; fileRef = D460CF8B153D6CC600C0F7C8 /* ViewController.m */; };
		D460CF8F153D6CC600C0F7C8 /* ViewController.xib in Resources */ = {isa = PBXBuildFile; fileRef = D460CF8D153D6CC600C0F7C8 /* ViewController.xib */; };
/* End PBXBuildFile section */

/* Begin PBXFileReference section */
		D460CF74153D6CC600C0F7C8 /* gitTest.app */ = {isa = PBXFileReference; explicitFileType = wrapper.application; includeInIndex = 0; path = gitTest.app; sourceTree = BUILT_PRODUCTS_DIR; };
		D460CF78153D6CC600C0F7C8 /* UIKit.framework */ = {isa = PBXFileReference; lastKnownFileType = wrapper.framework; name = UIKit.framework; path = System/Library/Frameworks/UIKit.framework; sourceTree = SDKROOT; };
		D460CF7A153D6CC600C0F7C8 /* Foundation.framework */ = {isa = PBXFileReference; lastKnownFileType = wrapper.framework; name = Foundation.framework; path = System/Library/Frameworks/Foundation.framework; sourceTree = SDKROOT; };
		D460CF7C153D6CC600C0F7C8 /* CoreGraphics.framework */ = {isa = PBXFileReference; lastKnownFileType = wrapper.framework; name = CoreGraphics.framework; path = System/Library/Frameworks/CoreGraphics.framework; sourceTree = SDKROOT; };
		D460CF80153D6CC600C0F7C8 /* gitTest-Info.plist */ = {isa = PBXFileReference; lastKnownFileType = text.plist.xml; path = "gitTest-Info.plist"; sourceTree = "<group>"; };
		D460CF82153D6CC600C0F7C8 /* en */ = {isa = PBXFileReference; lastKnownFileType = text.plist.strings; name = en; path = en.lproj/InfoPlist.strings; sourceTree = "<group>"; };
		D460CF84153D6CC600C0F7C8 /* main.m */ = {isa = PBXFileReference; lastKnownFileType = sourcecode.c.objc; path = main.m; sourceTree = "<group>"; };
		D460CF86153D6CC600C0F7C8 /* gitTest-Prefix.pch */ = {isa = PBXFileReference; lastKnownFileType = sourcecode.c.h; path = "gitTest-Prefix.pch"; sourceTree = "<group>"; };
		D460CF87153D6CC600C0F7C8 /* AppDelegate.h */ = {isa = PBXFileReference; lastKnownFileType = sourcecode.c.h; path = AppDelegate.h; sourceTree = "<group>"; };
		D460CF88153D6CC600C0F7C8 /* AppDelegate.m */ = {isa = PBXFileReference; lastKnownFileType = sourcecode.c.objc; path = AppDelegate.m; sourceTree = "<group>"; };
		D460CF8A153D6CC600C0F7C8 /* ViewController.h */ = {isa = PBXFileReference; lastKnownFileType = sourcecode.c.h; path = ViewController.h; sourceTree = "<group>"; };
		D460CF8B153D6CC600C0F7C8 /* ViewController.m */ = {isa = PBXFileReference; lastKnownFileType = sourcecode.c.objc; path = ViewController.m; sourceTree = "<group>"; };
		D460CF8E153D6CC600C0F7C8 /* en */ = {isa = PBXFileReference; lastKnownFileType = file.xib; name = en; path = en.lproj/ViewController.xib; sourceTree = "<group>"; };
/* End PBXFileReference section */

/* Begin PBXFrameworksBuildPhase section */
		D460CF71153D6CC600C0F7C8 /* Frameworks */ = {
			isa = PBXFrameworksBuildPhase;
			buildActionMask = 2147483647;
			files = (
				D460CF79153D6CC600C0F7C8 /* UIKit.framework in Frameworks */,
				D460CF7B153D6CC600C0F7C8 /* Foundation.framework in Frameworks */,
				D460CF7D153D6CC600C0F7C8 /* CoreGraphics.framework in Frameworks */,
			);
			runOnlyForDeploymentPostprocessing = 0;
		};
/* End PBXFrameworksBuildPhase section */

/* Begin PBXGroup section */
		D460CF69153D6CC500C0F7C8 = {
			isa = PBXGroup;
			children = (
				D460CF7E153D6CC600C0F7C8 /* gitTest */,
				D460CF77153D6CC600C0F7C8 /* Frameworks */,
				D460CF75153D6CC600C0F7C8 /* Products */,
			);
			sourceTree = "<group>";
		};
		D460CF75153D6CC600C0F7C8 /* Products */ = {
			isa = PBXGroup;
			children = (
				D460CF74153D6CC600C0F7C8 /* gitTest.app */,
			);
			name = Products;
			sourceTree = "<group>";
		};
		D460CF77153D6CC600C0F7C8 /* Frameworks */ = {
			isa = PBXGroup;
			children = (
				D460CF78153D6CC600C0F7C8 /* UIKit.framework */,
				D460CF7A153D6CC600C0F7C8 /* Foundation.framework */,
				D460CF7C153D6CC600C0F7C8 /* CoreGraphics.framework */,
			);
			name = Frameworks;
			sourceTree = "<group>";
		};
		D460CF7E153D6CC600C0F7C8 /* gitTest */ = {
			isa = PBXGroup;
			children = (
				D460CF87153D6CC600C0F7C8 /* AppDelegate.h */,
				D460CF88153D6CC600C0F7C8 /* AppDelegate.m */,
				D460CF8A153D6CC600C0F7C8 /* ViewController.h */,
				D460CF8B153D6CC600C0F7C8 /* ViewController.m */,
				D460CF8D153D6CC600C0F7C8 /* ViewController.xib */,
				D460CF7F153D6CC600C0F7C8 /* Supporting Files */,
			);
			path = gitTest;
			sourceTree = "<group>";
		};
		D460CF7F153D6CC600C0F7C8 /* Supporting Files */ = {
			isa = PBXGroup;
			children = (
				D460CF80153D6CC600C0F7C8 /* gitTest-Info.plist */,
				D460CF81153D6CC600C0F7C8 /* InfoPlist.strings */,
				D460CF84153D6CC600C0F7C8 /* main.m */,
				D460CF86153D6CC600C0F7C8 /* gitTest-Prefix.pch */,
			);
			name = "Supporting Files";
			sourceTree = "<group>";
		};
/* End PBXGroup section */

/* Begin PBXNativeTarget section */
		D460CF73153D6CC600C0F7C8 /* gitTest */ = {
			isa = PBXNativeTarget;
			buildConfigurationList = D460CF92153D6CC600C0F7C8 /* Build configuration list for PBXNativeTarget "gitTest" */;
			buildPhases = (
				D460CF70153D6CC600C0F7C8 /* Sources */,
				D460CF71153D6CC600C0F7C8 /* Frameworks */,
				D460CF72153D6CC600C0F7C8 /* Resources */,
			);
			buildRules = (
			);
			dependencies = (
			);
			name = gitTest;
			productName = gitTest;
			productReference = D460CF74153D6CC600C0F7C8 /* gitTest.app */;
			productType = "com.apple.product-type.application";
		};
/* End PBXNativeTarget section */

/* Begin PBXProject section */
		D460CF6B153D6CC500C0F7C8 /* Project object */ = {
			isa = PBXProject;
			attributes = {
				LastUpgradeCheck = 0420;
			};
			buildConfigurationList = D460CF6E153D6CC500C0F7C8 /* Build configuration list for PBXProject "gitTest" */;
			compatibilityVersion = "Xcode 3.2";
			developmentRegion = English;
			hasScannedForEncodings = 0;
			knownRegions = (
				en,
			);
			mainGroup = D460CF69153D6CC500C0F7C8;
			productRefGroup = D460CF75153D6CC600C0F7C8 /* Products */;
			projectDirPath = "";
			projectRoot = "";
			targets = (
				D460CF73153D6CC600C0F7C8 /* gitTest */,
			);
		};
/* End PBXProject section */

/* Begin PBXResourcesBuildPhase section */
		D460CF72153D6CC600C0F7C8 /* Resources */ = {
			isa = PBXResourcesBuildPhase;
			buildActionMask = 2147483647;
			files = (
				D460CF83153D6CC600C0F7C8 /* InfoPlist.strings in Resources */,
				D460CF8F153D6CC600C0F7C8 /* ViewController.xib in Resources */,
			);
			runOnlyForDeploymentPostprocessing = 0;
		};
/* End PBXResourcesBuildPhase section */

/* Begin PBXSourcesBuildPhase section */
		D460CF70153D6CC600C0F7C8 /* Sources */ = {
			isa = PBXSourcesBuildPhase;
			buildActionMask = 2147483647;
			files = (
				D460CF85153D6CC600C0F7C8 /* main.m in Sources */,
				D460CF89153D6CC600C0F7C8 /* AppDelegate.m in Sources */,
				D460CF8C153D6CC600C0F7C8 /* ViewController.m in Sources */,
			);
			runOnlyForDeploymentPostprocessing = 0;
		};
/* End PBXSourcesBuildPhase section */

/* Begin PBXVariantGroup section */
		D460CF81153D6CC600C0F7C8 /* InfoPlist.strings */ = {
			isa = PBXVariantGroup;
			children = (
				D460CF82153D6CC600C0F7C8 /* en */,
			);
			name = InfoPlist.strings;
			sourceTree = "<group>";
		};
		D460CF8D153D6CC600C0F7C8 /* ViewController.xib */ = {
			isa = PBXVariantGroup;
			children = (
				D460CF8E153D6CC600C0F7C8 /* en */,
			);
			name = ViewController.xib;
			sourceTree = "<group>";
		};
/* End PBXVariantGroup section */

/* Begin XCBuildConfiguration section */
		D460CF90153D6CC600C0F7C8 /* Debug */ = {
			isa = XCBuildConfiguration;
			buildSettings = {
				ALWAYS_SEARCH_USER_PATHS = NO;
				ARCHS = "$(ARCHS_STANDARD_32_BIT)";
				"CODE_SIGN_IDENTITY[sdk=iphoneos*]" = "iPhone Developer";
				COPY_PHASE_STRIP = NO;
				GCC_C_LANGUAGE_STANDARD = gnu99;
				GCC_DYNAMIC_NO_PIC = NO;
				GCC_OPTIMIZATION_LEVEL = 0;
				GCC_PREPROCESSOR_DEFINITIONS = (
					"DEBUG=1",
					"$(inherited)",
				);
				GCC_SYMBOLS_PRIVATE_EXTERN = NO;
				GCC_VERSION = com.apple.compilers.llvm.clang.1_0;
				GCC_WARN_ABOUT_MISSING_PROTOTYPES = YES;
				GCC_WARN_ABOUT_RETURN_TYPE = YES;
				GCC_WARN_UNUSED_VARIABLE = YES;
				IPHONEOS_DEPLOYMENT_TARGET = 5.0;
				SDKROOT = iphoneos;
				TARGETED_DEVICE_FAMILY = 2;
			};
			name = Debug;
		};
		D460CF91153D6CC600C0F7C8 /* Release */ = {
			isa = XCBuildConfiguration;
			buildSettings = {
				ALWAYS_SEARCH_USER_PATHS = NO;
				ARCHS = "$(ARCHS_STANDARD_32_BIT)";
				"CODE_SIGN_IDENTITY[sdk=iphoneos*]" = "iPhone Developer";
				COPY_PHASE_STRIP = YES;
				GCC_C_LANGUAGE_STANDARD = gnu99;
				GCC_VERSION = com.apple.compilers.llvm.clang.1_0;
				GCC_WARN_ABOUT_MISSING_PROTOTYPES = YES;
				GCC_WARN_ABOUT_RETURN_TYPE = YES;
				GCC_WARN_UNUSED_VARIABLE = YES;
				IPHONEOS_DEPLOYMENT_TARGET = 5.0;
				OTHER_CFLAGS = "-DNS_BLOCK_ASSERTIONS=1";
				SDKROOT = iphoneos;
				TARGETED_DEVICE_FAMILY = 2;
				VALIDATE_PRODUCT = YES;
			};
			name = Release;
		};
		D460CF93153D6CC600C0F7C8 /* Debug */ = {
			isa = XCBuildConfiguration;
			buildSettings = {
				GCC_PRECOMPILE_PREFIX_HEADER = YES;
				GCC_PREFIX_HEADER = "gitTest/gitTest-Prefix.pch";
				INFOPLIST_FILE = "gitTest/gitTest-Info.plist";
				PRODUCT_NAME = "$(TARGET_NAME)";
				WRAPPER_EXTENSION = app;
			};
			name = Debug;
		};
		D460CF94153D6CC600C0F7C8 /* Release */ = {
			isa = XCBuildConfiguration;
			buildSettings = {
				GCC_PRECOMPILE_PREFIX_HEADER = YES;
				GCC_PREFIX_HEADER = "gitTest/gitTest-Prefix.pch";
				INFOPLIST_FILE = "gitTest/gitTest-Info.plist";
				PRODUCT_NAME = "$(TARGET_NAME)";
				WRAPPER_EXTENSION = app;
			};
			name = Release;
		};
/* End XCBuildConfiguration section */

/* Begin XCConfigurationList section */
		D460CF6E153D6CC500C0F7C8 /* Build configuration list for PBXProject "gitTest" */ = {
			isa = XCConfigurationList;
			buildConfigurations = (
				D460CF90153D6CC600C0F7C8 /* Debug */,
				D460CF91153D6CC600C0F7C8 /* Release */,
			);
			defaultConfigurationIsVisible = 0;
			defaultConfigurationName = Release;
		};
		D460CF92153D6CC600C0F7C8 /* Build configuration list for PBXNativeTarget "gitTest" */ = {
			isa = XCConfigurationList;
			buildConfigurations = (
				D460CF93153D6CC600C0F7C8 /* Debug */,
				D460CF94153D6CC600C0F7C8 /* Release */,
			);
			defaultConfigurationIsVisible = 0;
		};
/* End XCConfigurationList section */
	};
	rootObject = D460CF6B153D6CC500C0F7C8 /* Project object */;
}
